{
  "name": "miniprogram-19",
  "lockfileVersion": 2,
  "requires": true,
  "packages": {
    "": {
      "dependencies": {
        "@codesmiths/event": "^1.0.0"
      }
    },
    "node_modules/@codesmiths/event": {
      "version": "1.0.0",
      "resolved": "https://registry.npmjs.org/@codesmiths/event/-/event-1.0.0.tgz",
      "integrity": "sha512-Of6cWCTLSHkHilnNQS43lSk2WTh8I0PEBlrRflpuXwQVo+VUF3cnxMuYItEUTLsLFJsUgLY2tbB7ftO+SXH/pw=="
    }
  },
  "dependencies": {
    "@codesmiths/event": {
      "version": "1.0.0",
      "resolved": "https://registry.npmjs.org/@codesmiths/event/-/event-1.0.0.tgz",
      "integrity": "sha512-Of6cWCTLSHkHilnNQS43lSk2WTh8I0PEBlrRflpuXwQVo+VUF3cnxMuYItEUTLsLFJsUgLY2tbB7ftO+SXH/pw=="
    }
  }
}
